
Microsoft Visual Studio Solution File, Format Version 12.00
Project("{FAE04EC0-301F-11D3-BF4B-00C04F79EFBC}") = "Nedordle", "Nedordle.csproj", "{024105BC-83B0-493A-BEAC-A9882DC92789}"
EndProject
Global
	GlobalSection(SolutionConfigurationPlatforms) = preSolution
		Debug|Any CPU = Debug|Any CPU
		Release|Any CPU = Release|Any CPU
	EndGlobalSection
	GlobalSection(ProjectConfigurationPlatforms) = postSolution
		{024105BC-83B0-493A-BEAC-A9882DC92789}.Debug|Any CPU.ActiveCfg = Debug|Any CPU
		{024105BC-83B0-493A-BEAC-A9882DC92789}.Debug|Any CPU.Build.0 = Debug|Any CPU
		{024105BC-83B0-493A-BEAC-A9882DC92789}.Release|Any CPU.ActiveCfg = Release|Any CPU
		{024105BC-83B0-493A-BEAC-A9882DC92789}.Release|Any CPU.Build.0 = Release|Any CPU
	EndGlobalSection
EndGlobal
